// !$*UTF8*$!
{
	archiveVersion = 1;
	classes = {
	};
	objectVersion = 50;
	objects = {

/* Begin PBXBuildFile section */
		B978094F2083B7EB006C5BFC /* Duplicates.m in Sources */ = {isa = PBXBuildFile; fileRef = B978094E2083B7EB006C5BFC /* Duplicates.m */; };
		B97809522083CB19006C5BFC /* FirstMissing.m in Sources */ = {isa = PBXBuildFile; fileRef = B97809512083CB19006C5BFC /* FirstMissing.m */; };
		B9D4C0F32080FBD600EA9548 /* main.m in Sources */ = {isa = PBXBuildFile; fileRef = B9D4C0F22080FBD600EA9548 /* main.m */; };
		B9D4C0FD2080FC0C00EA9548 /* LongestSubstring.m in Sources */ = {isa = PBXBuildFile; fileRef = B9D4C0FC2080FC0C00EA9548 /* LongestSubstring.m */; };
		B9D4C1022080FC9500EA9548 /* AppRunner.m in Sources */ = {isa = PBXBuildFile; fileRef = B9D4C1012080FC9500EA9548 /* AppRunner.m */; };
		B9D4C1062081136300EA9548 /* MedianInArrays.m in Sources */ = {isa = PBXBuildFile; fileRef = B9D4C1052081136300EA9548 /* MedianInArrays.m */; };
		B9D4C10920811FBA00EA9548 /* PalindromicSubstring.m in Sources */ = {isa = PBXBuildFile; fileRef = B9D4C10820811FBA00EA9548 /* PalindromicSubstring.m */; };
		B9D4C10C208140CD00EA9548 /* ZigZagString.m in Sources */ = {isa = PBXBuildFile; fileRef = B9D4C10B208140CD00EA9548 /* ZigZagString.m */; };
		B9D4C11020814EB300EA9548 /* ReverseDigits.m in Sources */ = {isa = PBXBuildFile; fileRef = B9D4C10F20814EB300EA9548 /* ReverseDigits.m */; };
		B9D4C1132081671000EA9548 /* PhoneNumberLetter.m in Sources */ = {isa = PBXBuildFile; fileRef = B9D4C1122081671000EA9548 /* PhoneNumberLetter.m */; };
		B9D4C1172081674800EA9548 /* Trie.m in Sources */ = {isa = PBXBuildFile; fileRef = B9D4C1162081674800EA9548 /* Trie.m */; };
		B9D4C11B20825BBF00EA9548 /* LinkedList.m in Sources */ = {isa = PBXBuildFile; fileRef = B9D4C11A20825BBF00EA9548 /* LinkedList.m */; };
		B9D4C11E20825BFE00EA9548 /* MergeSortedLists.m in Sources */ = {isa = PBXBuildFile; fileRef = B9D4C11D20825BFE00EA9548 /* MergeSortedLists.m */; };
		B9D4C121208280DF00EA9548 /* ReverseList.m in Sources */ = {isa = PBXBuildFile; fileRef = B9D4C120208280DF00EA9548 /* ReverseList.m */; };
		B9D4C1252082DF6200EA9548 /* SubsetSums.m in Sources */ = {isa = PBXBuildFile; fileRef = B9D4C1242082DF6200EA9548 /* SubsetSums.m */; };
		B9D4C1282082E0D300EA9548 /* NQueenProblem.m in Sources */ = {isa = PBXBuildFile; fileRef = B9D4C1272082E0D300EA9548 /* NQueenProblem.m */; };
		B9D4C12C2083255A00EA9548 /* CombinationSum.m in Sources */ = {isa = PBXBuildFile; fileRef = B9D4C12B2083255A00EA9548 /* CombinationSum.m */; };
/* End PBXBuildFile section */

/* Begin PBXCopyFilesBuildPhase section */
		B9D4C0ED2080FBD600EA9548 /* CopyFiles */ = {
			isa = PBXCopyFilesBuildPhase;
			buildActionMask = 2147483647;
			dstPath = /usr/share/man/man1/;
			dstSubfolderSpec = 0;
			files = (
			);
			runOnlyForDeploymentPostprocessing = 1;
		};
/* End PBXCopyFilesBuildPhase section */

/* Begin PBXFileReference section */
		B978094D2083B7EB006C5BFC /* Duplicates.h */ = {isa = PBXFileReference; lastKnownFileType = sourcecode.c.h; path = Duplicates.h; sourceTree = "<group>"; };
		B978094E2083B7EB006C5BFC /* Duplicates.m */ = {isa = PBXFileReference; lastKnownFileType = sourcecode.c.objc; path = Duplicates.m; sourceTree = "<group>"; };
		B97809502083CB19006C5BFC /* FirstMissing.h */ = {isa = PBXFileReference; lastKnownFileType = sourcecode.c.h; path = FirstMissing.h; sourceTree = "<group>"; };
		B97809512083CB19006C5BFC /* FirstMissing.m */ = {isa = PBXFileReference; lastKnownFileType = sourcecode.c.objc; path = FirstMissing.m; sourceTree = "<group>"; };
		B9D4C0EF2080FBD600EA9548 /* CodingProblem */ = {isa = PBXFileReference; explicitFileType = "compiled.mach-o.executable"; includeInIndex = 0; path = CodingProblem; sourceTree = BUILT_PRODUCTS_DIR; };
		B9D4C0F22080FBD600EA9548 /* main.m */ = {isa = PBXFileReference; lastKnownFileType = sourcecode.c.objc; path = main.m; sourceTree = "<group>"; };
		B9D4C0FB2080FC0C00EA9548 /* LongestSubstring.h */ = {isa = PBXFileReference; lastKnownFileType = sourcecode.c.h; path = LongestSubstring.h; sourceTree = "<group>"; };
		B9D4C0FC2080FC0C00EA9548 /* LongestSubstring.m */ = {isa = PBXFileReference; lastKnownFileType = sourcecode.c.objc; path = LongestSubstring.m; sourceTree = "<group>"; };
		B9D4C0FE2080FC2D00EA9548 /* Constants.h */ = {isa = PBXFileReference; lastKnownFileType = sourcecode.c.h; path = Constants.h; sourceTree = "<group>"; };
		B9D4C1002080FC9500EA9548 /* AppRunner.h */ = {isa = PBXFileReference; lastKnownFileType = sourcecode.c.h; path = AppRunner.h; sourceTree = "<group>"; };
		B9D4C1012080FC9500EA9548 /* AppRunner.m */ = {isa = PBXFileReference; lastKnownFileType = sourcecode.c.objc; path = AppRunner.m; sourceTree = "<group>"; };
		B9D4C1042081136300EA9548 /* MedianInArrays.h */ = {isa = PBXFileReference; lastKnownFileType = sourcecode.c.h; path = MedianInArrays.h; sourceTree = "<group>"; };
		B9D4C1052081136300EA9548 /* MedianInArrays.m */ = {isa = PBXFileReference; lastKnownFileType = sourcecode.c.objc; path = MedianInArrays.m; sourceTree = "<group>"; };
		B9D4C10720811FBA00EA9548 /* PalindromicSubstring.h */ = {isa = PBXFileReference; lastKnownFileType = sourcecode.c.h; path = PalindromicSubstring.h; sourceTree = "<group>"; };
		B9D4C10820811FBA00EA9548 /* PalindromicSubstring.m */ = {isa = PBXFileReference; lastKnownFileType = sourcecode.c.objc; path = PalindromicSubstring.m; sourceTree = "<group>"; };
		B9D4C10A208140CD00EA9548 /* ZigZagString.h */ = {isa = PBXFileReference; lastKnownFileType = sourcecode.c.h; path = ZigZagString.h; sourceTree = "<group>"; };
		B9D4C10B208140CD00EA9548 /* ZigZagString.m */ = {isa = PBXFileReference; lastKnownFileType = sourcecode.c.objc; path = ZigZagString.m; sourceTree = "<group>"; };
		B9D4C10E20814EB300EA9548 /* ReverseDigits.h */ = {isa = PBXFileReference; lastKnownFileType = sourcecode.c.h; path = ReverseDigits.h; sourceTree = "<group>"; };
		B9D4C10F20814EB300EA9548 /* ReverseDigits.m */ = {isa = PBXFileReference; lastKnownFileType = sourcecode.c.objc; path = ReverseDigits.m; sourceTree = "<group>"; };
		B9D4C1112081671000EA9548 /* PhoneNumberLetter.h */ = {isa = PBXFileReference; lastKnownFileType = sourcecode.c.h; path = PhoneNumberLetter.h; sourceTree = "<group>"; };
		B9D4C1122081671000EA9548 /* PhoneNumberLetter.m */ = {isa = PBXFileReference; lastKnownFileType = sourcecode.c.objc; path = PhoneNumberLetter.m; sourceTree = "<group>"; };
		B9D4C1152081674800EA9548 /* Trie.h */ = {isa = PBXFileReference; lastKnownFileType = sourcecode.c.h; path = Trie.h; sourceTree = "<group>"; };
		B9D4C1162081674800EA9548 /* Trie.m */ = {isa = PBXFileReference; lastKnownFileType = sourcecode.c.objc; path = Trie.m; sourceTree = "<group>"; };
		B9D4C11920825BBF00EA9548 /* LinkedList.h */ = {isa = PBXFileReference; lastKnownFileType = sourcecode.c.h; path = LinkedList.h; sourceTree = "<group>"; };
		B9D4C11A20825BBF00EA9548 /* LinkedList.m */ = {isa = PBXFileReference; lastKnownFileType = sourcecode.c.objc; path = LinkedList.m; sourceTree = "<group>"; };
		B9D4C11C20825BFE00EA9548 /* MergeSortedLists.h */ = {isa = PBXFileReference; lastKnownFileType = sourcecode.c.h; path = MergeSortedLists.h; sourceTree = "<group>"; };
		B9D4C11D20825BFE00EA9548 /* MergeSortedLists.m */ = {isa = PBXFileReference; lastKnownFileType = sourcecode.c.objc; path = MergeSortedLists.m; sourceTree = "<group>"; };
		B9D4C11F208280DF00EA9548 /* ReverseList.h */ = {isa = PBXFileReference; lastKnownFileType = sourcecode.c.h; path = ReverseList.h; sourceTree = "<group>"; };
		B9D4C120208280DF00EA9548 /* ReverseList.m */ = {isa = PBXFileReference; lastKnownFileType = sourcecode.c.objc; path = ReverseList.m; sourceTree = "<group>"; };
		B9D4C1232082DF6200EA9548 /* SubsetSums.h */ = {isa = PBXFileReference; lastKnownFileType = sourcecode.c.h; path = SubsetSums.h; sourceTree = "<group>"; };
		B9D4C1242082DF6200EA9548 /* SubsetSums.m */ = {isa = PBXFileReference; lastKnownFileType = sourcecode.c.objc; path = SubsetSums.m; sourceTree = "<group>"; };
		B9D4C1262082E0D300EA9548 /* NQueenProblem.h */ = {isa = PBXFileReference; lastKnownFileType = sourcecode.c.h; path = NQueenProblem.h; sourceTree = "<group>"; };
		B9D4C1272082E0D300EA9548 /* NQueenProblem.m */ = {isa = PBXFileReference; lastKnownFileType = sourcecode.c.objc; path = NQueenProblem.m; sourceTree = "<group>"; };
		B9D4C12A2083255A00EA9548 /* CombinationSum.h */ = {isa = PBXFileReference; fileEncoding = 4; lastKnownFileType = sourcecode.c.h; path = CombinationSum.h; sourceTree = "<group>"; };
		B9D4C12B2083255A00EA9548 /* CombinationSum.m */ = {isa = PBXFileReference; fileEncoding = 4; lastKnownFileType = sourcecode.c.objc; path = CombinationSum.m; sourceTree = "<group>"; };
/* End PBXFileReference section */

/* Begin PBXFrameworksBuildPhase section */
		B9D4C0EC2080FBD600EA9548 /* Frameworks */ = {
			isa = PBXFrameworksBuildPhase;
			buildActionMask = 2147483647;
			files = (
			);
			runOnlyForDeploymentPostprocessing = 0;
		};
/* End PBXFrameworksBuildPhase section */

/* Begin PBXGroup section */
		B9D4C0E62080FBD600EA9548 = {
			isa = PBXGroup;
			children = (
				B9D4C0F12080FBD600EA9548 /* CodingProblem */,
				B9D4C0F02080FBD600EA9548 /* Products */,
			);
			sourceTree = "<group>";
		};
		B9D4C0F02080FBD600EA9548 /* Products */ = {
			isa = PBXGroup;
			children = (
				B9D4C0EF2080FBD600EA9548 /* CodingProblem */,
			);
			name = Products;
			sourceTree = "<group>";
		};
		B9D4C0F12080FBD600EA9548 /* CodingProblem */ = {
			isa = PBXGroup;
			children = (
				B9D4C1142081672800EA9548 /* Data Structure */,
				B9D4C0FF2080FC8500EA9548 /* App Runner */,
				B9D4C0F92080FBF600EA9548 /* ProblemsType */,
				B9D4C0F22080FBD600EA9548 /* main.m */,
			);
			path = CodingProblem;
			sourceTree = "<group>";
		};
		B9D4C0F92080FBF600EA9548 /* ProblemsType */ = {
			isa = PBXGroup;
			children = (
				B9D4C1292083254200EA9548 /* Greedy */,
				B9D4C1222082DF4400EA9548 /* BackTracking */,
				B9D4C11820825BAE00EA9548 /* List */,
				B9D4C10D20814EA600EA9548 /* Numbers */,
				B9D4C1032081134000EA9548 /* Arrays */,
				B9D4C0FA2080FBF600EA9548 /* String */,
			);
			path = ProblemsType;
			sourceTree = "<group>";
		};
		B9D4C0FA2080FBF600EA9548 /* String */ = {
			isa = PBXGroup;
			children = (
				B9D4C0FB2080FC0C00EA9548 /* LongestSubstring.h */,
				B9D4C0FC2080FC0C00EA9548 /* LongestSubstring.m */,
				B9D4C10720811FBA00EA9548 /* PalindromicSubstring.h */,
				B9D4C10820811FBA00EA9548 /* PalindromicSubstring.m */,
				B9D4C10A208140CD00EA9548 /* ZigZagString.h */,
				B9D4C10B208140CD00EA9548 /* ZigZagString.m */,
			);
			path = String;
			sourceTree = "<group>";
		};
		B9D4C0FF2080FC8500EA9548 /* App Runner */ = {
			isa = PBXGroup;
			children = (
				B9D4C0FE2080FC2D00EA9548 /* Constants.h */,
				B9D4C1002080FC9500EA9548 /* AppRunner.h */,
				B9D4C1012080FC9500EA9548 /* AppRunner.m */,
			);
			path = "App Runner";
			sourceTree = "<group>";
		};
		B9D4C1032081134000EA9548 /* Arrays */ = {
			isa = PBXGroup;
			children = (
				B9D4C1042081136300EA9548 /* MedianInArrays.h */,
				B9D4C1052081136300EA9548 /* MedianInArrays.m */,
			);
			path = Arrays;
			sourceTree = "<group>";
		};
		B9D4C10D20814EA600EA9548 /* Numbers */ = {
			isa = PBXGroup;
			children = (
				B9D4C10E20814EB300EA9548 /* ReverseDigits.h */,
				B9D4C10F20814EB300EA9548 /* ReverseDigits.m */,
				B9D4C1112081671000EA9548 /* PhoneNumberLetter.h */,
				B9D4C1122081671000EA9548 /* PhoneNumberLetter.m */,
				B978094D2083B7EB006C5BFC /* Duplicates.h */,
				B978094E2083B7EB006C5BFC /* Duplicates.m */,
				B97809502083CB19006C5BFC /* FirstMissing.h */,
				B97809512083CB19006C5BFC /* FirstMissing.m */,
			);
			path = Numbers;
			sourceTree = "<group>";
		};
		B9D4C1142081672800EA9548 /* Data Structure */ = {
			isa = PBXGroup;
			children = (
				B9D4C1152081674800EA9548 /* Trie.h */,
				B9D4C1162081674800EA9548 /* Trie.m */,
				B9D4C11920825BBF00EA9548 /* LinkedList.h */,
				B9D4C11A20825BBF00EA9548 /* LinkedList.m */,
			);
			path = "Data Structure";
			sourceTree = "<group>";
		};
		B9D4C11820825BAE00EA9548 /* List */ = {
			isa = PBXGroup;
			children = (
				B9D4C11C20825BFE00EA9548 /* MergeSortedLists.h */,
				B9D4C11D20825BFE00EA9548 /* MergeSortedLists.m */,
				B9D4C11F208280DF00EA9548 /* ReverseList.h */,
				B9D4C120208280DF00EA9548 /* ReverseList.m */,
			);
			path = List;
			sourceTree = "<group>";
		};
		B9D4C1222082DF4400EA9548 /* BackTracking */ = {
			isa = PBXGroup;
			children = (
				B9D4C1232082DF6200EA9548 /* SubsetSums.h */,
				B9D4C1242082DF6200EA9548 /* SubsetSums.m */,
				B9D4C1262082E0D300EA9548 /* NQueenProblem.h */,
				B9D4C1272082E0D300EA9548 /* NQueenProblem.m */,
				B9D4C12A2083255A00EA9548 /* CombinationSum.h */,
				B9D4C12B2083255A00EA9548 /* CombinationSum.m */,
			);
			path = BackTracking;
			sourceTree = "<group>";
		};
		B9D4C1292083254200EA9548 /* Greedy */ = {
			isa = PBXGroup;
			children = (
			);
			path = Greedy;
			sourceTree = "<group>";
		};
/* End PBXGroup section */

/* Begin PBXNativeTarget section */
		B9D4C0EE2080FBD600EA9548 /* CodingProblem */ = {
			isa = PBXNativeTarget;
			buildConfigurationList = B9D4C0F62080FBD600EA9548 /* Build configuration list for PBXNativeTarget "CodingProblem" */;
			buildPhases = (
				B9D4C0EB2080FBD600EA9548 /* Sources */,
				B9D4C0EC2080FBD600EA9548 /* Frameworks */,
				B9D4C0ED2080FBD600EA9548 /* CopyFiles */,
			);
			buildRules = (
			);
			dependencies = (
			);
			name = CodingProblem;
			productName = CodingProblem;
			productReference = B9D4C0EF2080FBD600EA9548 /* CodingProblem */;
			productType = "com.apple.product-type.tool";
		};
/* End PBXNativeTarget section */

/* Begin PBXProject section */
		B9D4C0E72080FBD600EA9548 /* Project object */ = {
			isa = PBXProject;
			attributes = {
				LastUpgradeCheck = 0930;
				ORGANIZATIONNAME = "Kanwar Zorawar Singh Rana";
				TargetAttributes = {
					B9D4C0EE2080FBD600EA9548 = {
						CreatedOnToolsVersion = 9.3;
					};
				};
			};
			buildConfigurationList = B9D4C0EA2080FBD600EA9548 /* Build configuration list for PBXProject "CodingProblem" */;
			compatibilityVersion = "Xcode 9.3";
			developmentRegion = en;
			hasScannedForEncodings = 0;
			knownRegions = (
				en,
			);
			mainGroup = B9D4C0E62080FBD600EA9548;
			productRefGroup = B9D4C0F02080FBD600EA9548 /* Products */;
			projectDirPath = "";
			projectRoot = "";
			targets = (
				B9D4C0EE2080FBD600EA9548 /* CodingProblem */,
			);
		};
/* End PBXProject section */

/* Begin PBXSourcesBuildPhase section */
		B9D4C0EB2080FBD600EA9548 /* Sources */ = {
			isa = PBXSourcesBuildPhase;
			buildActionMask = 2147483647;
			files = (
				B9D4C10C208140CD00EA9548 /* ZigZagString.m in Sources */,
				B9D4C1132081671000EA9548 /* PhoneNumberLetter.m in Sources */,
				B97809522083CB19006C5BFC /* FirstMissing.m in Sources */,
				B9D4C1022080FC9500EA9548 /* AppRunner.m in Sources */,
				B9D4C1282082E0D300EA9548 /* NQueenProblem.m in Sources */,
				B9D4C0FD2080FC0C00EA9548 /* LongestSubstring.m in Sources */,
				B978094F2083B7EB006C5BFC /* Duplicates.m in Sources */,
				B9D4C1252082DF6200EA9548 /* SubsetSums.m in Sources */,
				B9D4C1062081136300EA9548 /* MedianInArrays.m in Sources */,
				B9D4C0F32080FBD600EA9548 /* main.m in Sources */,
				B9D4C11E20825BFE00EA9548 /* MergeSortedLists.m in Sources */,
				B9D4C11020814EB300EA9548 /* ReverseDigits.m in Sources */,
				B9D4C121208280DF00EA9548 /* ReverseList.m in Sources */,
				B9D4C1172081674800EA9548 /* Trie.m in Sources */,
				B9D4C11B20825BBF00EA9548 /* LinkedList.m in Sources */,
				B9D4C12C2083255A00EA9548 /* CombinationSum.m in Sources */,
				B9D4C10920811FBA00EA9548 /* PalindromicSubstring.m in Sources */,
			);
			runOnlyForDeploymentPostprocessing = 0;
		};
/* End PBXSourcesBuildPhase section */

/* Begin XCBuildConfiguration section */
		B9D4C0F42080FBD600EA9548 /* Debug */ = {
			isa = XCBuildConfiguration;
			buildSettings = {
				ALWAYS_SEARCH_USER_PATHS = NO;
				CLANG_ANALYZER_NONNULL = YES;
				CLANG_ANALYZER_NUMBER_OBJECT_CONVERSION = YES_AGGRESSIVE;
				CLANG_CXX_LANGUAGE_STANDARD = "gnu++14";
				CLANG_CXX_LIBRARY = "libc++";
				CLANG_ENABLE_MODULES = YES;
				CLANG_ENABLE_OBJC_ARC = YES;
				CLANG_ENABLE_OBJC_WEAK = YES;
				CLANG_WARN_BLOCK_CAPTURE_AUTORELEASING = YES;
				CLANG_WARN_BOOL_CONVERSION = YES;
				CLANG_WARN_COMMA = YES;
				CLANG_WARN_CONSTANT_CONVERSION = YES;
				CLANG_WARN_DEPRECATED_OBJC_IMPLEMENTATIONS = YES;
				CLANG_WARN_DIRECT_OBJC_ISA_USAGE = YES_ERROR;
				CLANG_WARN_DOCUMENTATION_COMMENTS = YES;
				CLANG_WARN_EMPTY_BODY = YES;
				CLANG_WARN_ENUM_CONVERSION = YES;
				CLANG_WARN_INFINITE_RECURSION = YES;
				CLANG_WARN_INT_CONVERSION = YES;
				CLANG_WARN_NON_LITERAL_NULL_CONVERSION = YES;
				CLANG_WARN_OBJC_IMPLICIT_RETAIN_SELF = YES;
				CLANG_WARN_OBJC_LITERAL_CONVERSION = YES;
				CLANG_WARN_OBJC_ROOT_CLASS = YES_ERROR;
				CLANG_WARN_RANGE_LOOP_ANALYSIS = YES;
				CLANG_WARN_STRICT_PROTOTYPES = YES;
				CLANG_WARN_SUSPICIOUS_MOVE = YES;
				CLANG_WARN_UNGUARDED_AVAILABILITY = YES_AGGRESSIVE;
				CLANG_WARN_UNREACHABLE_CODE = YES;
				CLANG_WARN__DUPLICATE_METHOD_MATCH = YES;
				CODE_SIGN_IDENTITY = "Mac Developer";
				COPY_PHASE_STRIP = NO;
				DEBUG_INFORMATION_FORMAT = dwarf;
				ENABLE_STRICT_OBJC_MSGSEND = YES;
				ENABLE_TESTABILITY = YES;
				GCC_C_LANGUAGE_STANDARD = gnu11;
				GCC_DYNAMIC_NO_PIC = NO;
				GCC_NO_COMMON_BLOCKS = YES;
				GCC_OPTIMIZATION_LEVEL = 0;
				GCC_PREPROCESSOR_DEFINITIONS = (
					"DEBUG=1",
					"$(inherited)",
				);
				GCC_WARN_64_TO_32_BIT_CONVERSION = YES;
				GCC_WARN_ABOUT_RETURN_TYPE = YES_ERROR;
				GCC_WARN_UNDECLARED_SELECTOR = YES;
				GCC_WARN_UNINITIALIZED_AUTOS = YES_AGGRESSIVE;
				GCC_WARN_UNUSED_FUNCTION = YES;
				GCC_WARN_UNUSED_VARIABLE = YES;
				MACOSX_DEPLOYMENT_TARGET = 10.13;
				MTL_ENABLE_DEBUG_INFO = YES;
				ONLY_ACTIVE_ARCH = YES;
				SDKROOT = macosx;
			};
			name = Debug;
		};
		B9D4C0F52080FBD600EA9548 /* Release */ = {
			isa = XCBuildConfiguration;
			buildSettings = {
				ALWAYS_SEARCH_USER_PATHS = NO;
				CLANG_ANALYZER_NONNULL = YES;
				CLANG_ANALYZER_NUMBER_OBJECT_CONVERSION = YES_AGGRESSIVE;
				CLANG_CXX_LANGUAGE_STANDARD = "gnu++14";
				CLANG_CXX_LIBRARY = "libc++";
				CLANG_ENABLE_MODULES = YES;
				CLANG_ENABLE_OBJC_ARC = YES;
				CLANG_ENABLE_OBJC_WEAK = YES;
				CLANG_WARN_BLOCK_CAPTURE_AUTORELEASING = YES;
				CLANG_WARN_BOOL_CONVERSION = YES;
				CLANG_WARN_COMMA = YES;
				CLANG_WARN_CONSTANT_CONVERSION = YES;
				CLANG_WARN_DEPRECATED_OBJC_IMPLEMENTATIONS = YES;
				CLANG_WARN_DIRECT_OBJC_ISA_USAGE = YES_ERROR;
				CLANG_WARN_DOCUMENTATION_COMMENTS = YES;
				CLANG_WARN_EMPTY_BODY = YES;
				CLANG_WARN_ENUM_CONVERSION = YES;
				CLANG_WARN_INFINITE_RECURSION = YES;
				CLANG_WARN_INT_CONVERSION = YES;
				CLANG_WARN_NON_LITERAL_NULL_CONVERSION = YES;
				CLANG_WARN_OBJC_IMPLICIT_RETAIN_SELF = YES;
				CLANG_WARN_OBJC_LITERAL_CONVERSION = YES;
				CLANG_WARN_OBJC_ROOT_CLASS = YES_ERROR;
				CLANG_WARN_RANGE_LOOP_ANALYSIS = YES;
				CLANG_WARN_STRICT_PROTOTYPES = YES;
				CLANG_WARN_SUSPICIOUS_MOVE = YES;
				CLANG_WARN_UNGUARDED_AVAILABILITY = YES_AGGRESSIVE;
				CLANG_WARN_UNREACHABLE_CODE = YES;
				CLANG_WARN__DUPLICATE_METHOD_MATCH = YES;
				CODE_SIGN_IDENTITY = "Mac Developer";
				COPY_PHASE_STRIP = NO;
				DEBUG_INFORMATION_FORMAT = "dwarf-with-dsym";
				ENABLE_NS_ASSERTIONS = NO;
				ENABLE_STRICT_OBJC_MSGSEND = YES;
				GCC_C_LANGUAGE_STANDARD = gnu11;
				GCC_NO_COMMON_BLOCKS = YES;
				GCC_WARN_64_TO_32_BIT_CONVERSION = YES;
				GCC_WARN_ABOUT_RETURN_TYPE = YES_ERROR;
				GCC_WARN_UNDECLARED_SELECTOR = YES;
				GCC_WARN_UNINITIALIZED_AUTOS = YES_AGGRESSIVE;
				GCC_WARN_UNUSED_FUNCTION = YES;
				GCC_WARN_UNUSED_VARIABLE = YES;
				MACOSX_DEPLOYMENT_TARGET = 10.13;
				MTL_ENABLE_DEBUG_INFO = NO;
				SDKROOT = macosx;
			};
			name = Release;
		};
		B9D4C0F72080FBD600EA9548 /* Debug */ = {
			isa = XCBuildConfiguration;
			buildSettings = {
				CODE_SIGN_STYLE = Automatic;
				DEVELOPMENT_TEAM = 5E2GFLNUNY;
				PRODUCT_NAME = "$(TARGET_NAME)";
			};
			name = Debug;
		};
		B9D4C0F82080FBD600EA9548 /* Release */ = {
			isa = XCBuildConfiguration;
			buildSettings = {
				CODE_SIGN_STYLE = Automatic;
				DEVELOPMENT_TEAM = 5E2GFLNUNY;
				PRODUCT_NAME = "$(TARGET_NAME)";
			};
			name = Release;
		};
/* End XCBuildConfiguration section */

/* Begin XCConfigurationList section */
		B9D4C0EA2080FBD600EA9548 /* Build configuration list for PBXProject "CodingProblem" */ = {
			isa = XCConfigurationList;
			buildConfigurations = (
				B9D4C0F42080FBD600EA9548 /* Debug */,
				B9D4C0F52080FBD600EA9548 /* Release */,
			);
			defaultConfigurationIsVisible = 0;
			defaultConfigurationName = Release;
		};
		B9D4C0F62080FBD600EA9548 /* Build configuration list for PBXNativeTarget "CodingProblem" */ = {
			isa = XCConfigurationList;
			buildConfigurations = (
				B9D4C0F72080FBD600EA9548 /* Debug */,
				B9D4C0F82080FBD600EA9548 /* Release */,
			);
			defaultConfigurationIsVisible = 0;
			defaultConfigurationName = Release;
		};
/* End XCConfigurationList section */
	};
	rootObject = B9D4C0E72080FBD600EA9548 /* Project object */;
}
